
Microsoft Visual Studio Solution File, Format Version 12.00
# Visual Studio Version 16
VisualStudioVersion = 16.0.31205.134
MinimumVisualStudioVersion = 10.0.40219.1
Project("{2150E333-8FDC-42A3-9474-1A3956D46DE8}") = "[Windows Form Application]", "[Windows Form Application]", "{52F6F511-E446-4C94-B85B-C7F93D506A7C}"
EndProject
Project("{9A19103F-16F7-4668-BE54-9A1E7A4F7556}") = "AT-Notepad.WFA.NetCore.Common", "[Windows Form Application]\AT-Notepad.WFA.NetCore.Common\AT-Notepad.WFA.NetCore.Common.csproj", "{CE0E9E39-AEC7-4DD9-B78A-874FEA296238}"
EndProject
Project("{9A19103F-16F7-4668-BE54-9A1E7A4F7556}") = "AT-Notepad.WFA.NetCore.Resource", "[Windows Form Application]\AT-Notepad.WFA.NetCore.Resource\AT-Notepad.WFA.NetCore.Resource.csproj", "{18732727-0314-403D-B75E-CDE87A01444E}"
EndProject
Project("{9A19103F-16F7-4668-BE54-9A1E7A4F7556}") = "AT-Notepad.WFA.NetCore.UI", "[Windows Form Application]\AT-Notepad.WFA.NetCore.UI\AT-Notepad.WFA.NetCore.UI.csproj", "{81828091-9260-413A-88AF-AEB95D637DB2}"
EndProject
Project("{9A19103F-16F7-4668-BE54-9A1E7A4F7556}") = "AT-Notepad.WFA.NetCore.Infrastructure", "[Windows Form Application]\AT-Notepad.WFA.NetCore.Infrastructure\AT-Notepad.WFA.NetCore.Infrastructure.csproj", "{509799C8-FFF8-4B6B-8A07-7D426E8C76E7}"
EndProject
Project("{9A19103F-16F7-4668-BE54-9A1E7A4F7556}") = "AT-Notepad.WFA.NetCore.UC", "[Windows Form Application]\AT-Notepad.WFA.NetCore.UC\AT-Notepad.WFA.NetCore.UC.csproj", "{5D864287-8231-441E-A64A-20554DA733F4}"
EndProject
Global
	GlobalSection(SolutionConfigurationPlatforms) = preSolution
		Debug|Any CPU = Debug|Any CPU
		Release|Any CPU = Release|Any CPU
	EndGlobalSection
	GlobalSection(ProjectConfigurationPlatforms) = postSolution
		{CE0E9E39-AEC7-4DD9-B78A-874FEA296238}.Debug|Any CPU.ActiveCfg = Debug|Any CPU
		{CE0E9E39-AEC7-4DD9-B78A-874FEA296238}.Debug|Any CPU.Build.0 = Debug|Any CPU
		{CE0E9E39-AEC7-4DD9-B78A-874FEA296238}.Release|Any CPU.ActiveCfg = Release|Any CPU
		{CE0E9E39-AEC7-4DD9-B78A-874FEA296238}.Release|Any CPU.Build.0 = Release|Any CPU
		{18732727-0314-403D-B75E-CDE87A01444E}.Debug|Any CPU.ActiveCfg = Debug|Any CPU
		{18732727-0314-403D-B75E-CDE87A01444E}.Debug|Any CPU.Build.0 = Debug|Any CPU
		{18732727-0314-403D-B75E-CDE87A01444E}.Release|Any CPU.ActiveCfg = Release|Any CPU
		{18732727-0314-403D-B75E-CDE87A01444E}.Release|Any CPU.Build.0 = Release|Any CPU
		{81828091-9260-413A-88AF-AEB95D637DB2}.Debug|Any CPU.ActiveCfg = Debug|Any CPU
		{81828091-9260-413A-88AF-AEB95D637DB2}.Debug|Any CPU.Build.0 = Debug|Any CPU
		{81828091-9260-413A-88AF-AEB95D637DB2}.Release|Any CPU.ActiveCfg = Release|Any CPU
		{81828091-9260-413A-88AF-AEB95D637DB2}.Release|Any CPU.Build.0 = Release|Any CPU
		{509799C8-FFF8-4B6B-8A07-7D426E8C76E7}.Debug|Any CPU.ActiveCfg = Debug|Any CPU
		{509799C8-FFF8-4B6B-8A07-7D426E8C76E7}.Debug|Any CPU.Build.0 = Debug|Any CPU
		{509799C8-FFF8-4B6B-8A07-7D426E8C76E7}.Release|Any CPU.ActiveCfg = Release|Any CPU
		{509799C8-FFF8-4B6B-8A07-7D426E8C76E7}.Release|Any CPU.Build.0 = Release|Any CPU
		{5D864287-8231-441E-A64A-20554DA733F4}.Debug|Any CPU.ActiveCfg = Debug|Any CPU
		{5D864287-8231-441E-A64A-20554DA733F4}.Debug|Any CPU.Build.0 = Debug|Any CPU
		{5D864287-8231-441E-A64A-20554DA733F4}.Release|Any CPU.ActiveCfg = Release|Any CPU
		{5D864287-8231-441E-A64A-20554DA733F4}.Release|Any CPU.Build.0 = Release|Any CPU
	EndGlobalSection
	GlobalSection(SolutionProperties) = preSolution
		HideSolutionNode = FALSE
	EndGlobalSection
	GlobalSection(NestedProjects) = preSolution
		{CE0E9E39-AEC7-4DD9-B78A-874FEA296238} = {52F6F511-E446-4C94-B85B-C7F93D506A7C}
		{18732727-0314-403D-B75E-CDE87A01444E} = {52F6F511-E446-4C94-B85B-C7F93D506A7C}
		{81828091-9260-413A-88AF-AEB95D637DB2} = {52F6F511-E446-4C94-B85B-C7F93D506A7C}
		{509799C8-FFF8-4B6B-8A07-7D426E8C76E7} = {52F6F511-E446-4C94-B85B-C7F93D506A7C}
		{5D864287-8231-441E-A64A-20554DA733F4} = {52F6F511-E446-4C94-B85B-C7F93D506A7C}
	EndGlobalSection
	GlobalSection(ExtensibilityGlobals) = postSolution
		SolutionGuid = {DE24E37A-A958-4956-B458-415AE306CB83}
	EndGlobalSection
EndGlobal
